
Microsoft Visual Studio Solution File, Format Version 12.00
# Visual Studio Version 17
VisualStudioVersion = 17.14.36301.6
MinimumVisualStudioVersion = 10.0.40219.1
Project("{FAE04EC0-301F-11D3-BF4B-00C04F79EFBC}") = "DotNetEcsServiceViewer.Web", "DotNetEcsServiceViewer.Web\DotNetEcsServiceViewer.Web.csproj", "{CA4CC5A7-D5B9-4311-86E1-73E11D10FC50}"
EndProject
Project("{FAE04EC0-301F-11D3-BF4B-00C04F79EFBC}") = "DotNetEcsServiceViewer.Api", "DotNetEcsServiceViewer.Api\DotNetEcsServiceViewer.Api.csproj", "{245A696A-CBFF-47B4-B5AA-6CF5A344ED0C}"
EndProject
Global
	GlobalSection(SolutionConfigurationPlatforms) = preSolution
		Debug|Any CPU = Debug|Any CPU
		Release|Any CPU = Release|Any CPU
	EndGlobalSection
	GlobalSection(ProjectConfigurationPlatforms) = postSolution
		{CA4CC5A7-D5B9-4311-86E1-73E11D10FC50}.Debug|Any CPU.ActiveCfg = Debug|Any CPU
		{CA4CC5A7-D5B9-4311-86E1-73E11D10FC50}.Debug|Any CPU.Build.0 = Debug|Any CPU
		{CA4CC5A7-D5B9-4311-86E1-73E11D10FC50}.Release|Any CPU.ActiveCfg = Release|Any CPU
		{CA4CC5A7-D5B9-4311-86E1-73E11D10FC50}.Release|Any CPU.Build.0 = Release|Any CPU
		{245A696A-CBFF-47B4-B5AA-6CF5A344ED0C}.Debug|Any CPU.ActiveCfg = Debug|Any CPU
		{245A696A-CBFF-47B4-B5AA-6CF5A344ED0C}.Debug|Any CPU.Build.0 = Debug|Any CPU
		{245A696A-CBFF-47B4-B5AA-6CF5A344ED0C}.Release|Any CPU.ActiveCfg = Release|Any CPU
		{245A696A-CBFF-47B4-B5AA-6CF5A344ED0C}.Release|Any CPU.Build.0 = Release|Any CPU
	EndGlobalSection
	GlobalSection(SolutionProperties) = preSolution
		HideSolutionNode = FALSE
	EndGlobalSection
	GlobalSection(ExtensibilityGlobals) = postSolution
		SolutionGuid = {EC1855D7-A342-4428-9A38-A8947D144B6D}
	EndGlobalSection
EndGlobal
